# This file is automatically @generated by Cargo.
# It is not intended for manual editing.
version = 3

[[package]]
name = "paste"
version = "1.0.11"
source = "registry+https://github.com/rust-lang/crates.io-index"
checksum = "d01a5bd0424d00070b0098dd17ebca6f961a959dead1dbcbbbc1d1cd8d3deeba"

[[package]]
name = "tartan-bitfield"
version = "1.2.0"
source = "registry+https://github.com/rust-lang/crates.io-index"
checksum = "bfa876904e2a36ff0362a6fc808b105300aa7bad584edab5c5111f1e198b726c"
dependencies = [
 "paste",
]

[[package]]
name = "tartan-c-enum"
version = "1.0.0"
source = "registry+https://github.com/rust-lang/crates.io-index"
checksum = "62eccc92e87c5660d84628734cfe605ecf9dfa131eba6dc3467f301cbb050265"

[[package]]
name = "zebra-kernel"
version = "0.1.0"
dependencies = [
 "tartan-bitfield",
 "tartan-c-enum",
]
