{
  "nodes": {
    "crane": {
      "inputs": {
        "flake-compat": "flake-compat",
        "flake-utils": "flake-utils",
        "nixpkgs": "nixpkgs",
        "rust-overlay": "rust-overlay"
      },
      "locked": {
        "lastModified": 1681680516,
        "narHash": "sha256-EB8Adaeg4zgcYDJn9sR6UMjN/OHdIiMMK19+3LmmXQY=",
        "owner": "ipetkov",
        "repo": "crane",
        "rev": "54b63c8eae4c50172cb50b612946ff1d2bc1c75c",
        "type": "github"
      },
      "original": {
        "owner": "ipetkov",
        "repo": "crane",
        "type": "github"
      }
    },
    "flake-compat": {
      "flake": false,
      "locked": {
        "lastModified": 1673956053,
        "narHash": "sha256-4gtG9iQuiKITOjNQQeQIpoIB6b16fm+504Ch3sNKLd8=",
        "owner": "edolstra",
        "repo": "flake-compat",
        "rev": "35bb57c0c8d8b62bbfd284272c928ceb64ddbde9",
        "type": "github"
      },
      "original": {
        "owner": "edolstra",
        "repo": "flake-compat",
        "type": "github"
      }
    },
    "flake-utils": {
      "locked": {
        "lastModified": 1678901627,
        "narHash": "sha256-U02riOqrKKzwjsxc/400XnElV+UtPUQWpANPlyazjH0=",
        "owner": "numtide",
        "repo": "flake-utils",
        "rev": "93a2b84fc4b70d9e089d029deacc3583435c2ed6",
        "type": "github"
      },
      "original": {
        "owner": "numtide",
        "repo": "flake-utils",
        "type": "github"
      }
    },
    "flake-utils_2": {
      "inputs": {
        "systems": "systems"
      },
      "locked": {
        "lastModified": 1681202837,
        "narHash": "sha256-H+Rh19JDwRtpVPAWp64F+rlEtxUWBAQW28eAi3SRSzg=",
        "owner": "numtide",
        "repo": "flake-utils",
        "rev": "cfacdce06f30d2b68473a46042957675eebb3401",
        "type": "github"
      },
      "original": {
        "owner": "numtide",
        "repo": "flake-utils",
        "type": "github"
      }
    },
    "flake-utils_3": {
      "inputs": {
        "systems": "systems_2"
      },
      "locked": {
        "lastModified": 1681202837,
        "narHash": "sha256-H+Rh19JDwRtpVPAWp64F+rlEtxUWBAQW28eAi3SRSzg=",
        "owner": "numtide",
        "repo": "flake-utils",
        "rev": "cfacdce06f30d2b68473a46042957675eebb3401",
        "type": "github"
      },
      "original": {
        "owner": "numtide",
        "repo": "flake-utils",
        "type": "github"
      }
    },
    "nixpkgs": {
      "locked": {
        "lastModified": 1680487167,
        "narHash": "sha256-9FNIqrxDZgSliGGN2XJJSvcDYmQbgOANaZA4UWnTdg4=",
        "owner": "NixOS",
        "repo": "nixpkgs",
        "rev": "53dad94e874c9586e71decf82d972dfb640ef044",
        "type": "github"
      },
      "original": {
        "owner": "NixOS",
        "ref": "nixpkgs-unstable",
        "repo": "nixpkgs",
        "type": "github"
      }
    },
    "nixpkgs_2": {
      "locked": {
        "lastModified": 1682566018,
        "narHash": "sha256-HPzPRFiy2o/7k7mtnwfM1E6NVZHiFbPdmYCMoIpkHO4=",
        "owner": "nixos",
        "repo": "nixpkgs",
        "rev": "8e3b64db39f2aaa14b35ee5376bd6a2e707cadc2",
        "type": "github"
      },
      "original": {
        "owner": "nixos",
        "ref": "nixpkgs-unstable",
        "repo": "nixpkgs",
        "type": "github"
      }
    },
    "nixpkgs_3": {
      "locked": {
        "lastModified": 1681358109,
        "narHash": "sha256-eKyxW4OohHQx9Urxi7TQlFBTDWII+F+x2hklDOQPB50=",
        "owner": "NixOS",
        "repo": "nixpkgs",
        "rev": "96ba1c52e54e74c3197f4d43026b3f3d92e83ff9",
        "type": "github"
      },
      "original": {
        "owner": "NixOS",
        "ref": "nixpkgs-unstable",
        "repo": "nixpkgs",
        "type": "github"
      }
    },
    "root": {
      "inputs": {
        "crane": "crane",
        "flake-utils": "flake-utils_2",
        "nixpkgs": "nixpkgs_2",
        "rust-overlay": "rust-overlay_2"
      }
    },
    "rust-overlay": {
      "inputs": {
        "flake-utils": [
          "crane",
          "flake-utils"
        ],
        "nixpkgs": [
          "crane",
          "nixpkgs"
        ]
      },
      "locked": {
        "lastModified": 1680488274,
        "narHash": "sha256-0vYMrZDdokVmPQQXtFpnqA2wEgCCUXf5a3dDuDVshn0=",
        "owner": "oxalica",
        "repo": "rust-overlay",
        "rev": "7ec2ff598a172c6e8584457167575b3a1a5d80d8",
        "type": "github"
      },
      "original": {
        "owner": "oxalica",
        "repo": "rust-overlay",
        "type": "github"
      }
    },
    "rust-overlay_2": {
      "inputs": {
        "flake-utils": "flake-utils_3",
        "nixpkgs": "nixpkgs_3"
      },
      "locked": {
        "lastModified": 1682648393,
        "narHash": "sha256-VH0/4PXTPHVc3E6NxuB51w2eW1/Yn8NGq+HkB8kA0cU=",
        "owner": "oxalica",
        "repo": "rust-overlay",
        "rev": "2c22a41baadfac75a4af5303fc3ef8d4145b795b",
        "type": "github"
      },
      "original": {
        "owner": "oxalica",
        "repo": "rust-overlay",
        "type": "github"
      }
    },
    "systems": {
      "locked": {
        "lastModified": 1681028828,
        "narHash": "sha256-Vy1rq5AaRuLzOxct8nz4T6wlgyUR7zLU309k9mBC768=",
        "owner": "nix-systems",
        "repo": "default",
        "rev": "da67096a3b9bf56a91d16901293e51ba5b49a27e",
        "type": "github"
      },
      "original": {
        "owner": "nix-systems",
        "repo": "default",
        "type": "github"
      }
    },
    "systems_2": {
      "locked": {
        "lastModified": 1681028828,
        "narHash": "sha256-Vy1rq5AaRuLzOxct8nz4T6wlgyUR7zLU309k9mBC768=",
        "owner": "nix-systems",
        "repo": "default",
        "rev": "da67096a3b9bf56a91d16901293e51ba5b49a27e",
        "type": "github"
      },
      "original": {
        "owner": "nix-systems",
        "repo": "default",
        "type": "github"
      }
    }
  },
  "root": "root",
  "version": 7
}
