{
  "nodes": {
    "crane": {
      "inputs": {
        "flake-compat": "flake-compat",
        "flake-utils": "flake-utils",
        "nixpkgs": "nixpkgs",
        "rust-overlay": "rust-overlay"
      },
      "locked": {
        "lastModified": 1679285709,
        "narHash": "sha256-oERwmwZPZ5BOqSv6cmcXfjIBPrFR6dp02oGE8mA+1n4=",
        "owner": "ipetkov",
        "repo": "crane",
        "rev": "2552a2d1ccf33d43259a9e00f93dbacb9e6d6bed",
        "type": "github"
      },
      "original": {
        "owner": "ipetkov",
        "repo": "crane",
        "type": "github"
      }
    },
    "flake-compat": {
      "flake": false,
      "locked": {
        "lastModified": 1673956053,
        "narHash": "sha256-4gtG9iQuiKITOjNQQeQIpoIB6b16fm+504Ch3sNKLd8=",
        "owner": "edolstra",
        "repo": "flake-compat",
        "rev": "35bb57c0c8d8b62bbfd284272c928ceb64ddbde9",
        "type": "github"
      },
      "original": {
        "owner": "edolstra",
        "repo": "flake-compat",
        "type": "github"
      }
    },
    "flake-utils": {
      "locked": {
        "lastModified": 1676283394,
        "narHash": "sha256-XX2f9c3iySLCw54rJ/CZs+ZK6IQy7GXNY4nSOyu2QG4=",
        "owner": "numtide",
        "repo": "flake-utils",
        "rev": "3db36a8b464d0c4532ba1c7dda728f4576d6d073",
        "type": "github"
      },
      "original": {
        "owner": "numtide",
        "repo": "flake-utils",
        "type": "github"
      }
    },
    "flake-utils_2": {
      "locked": {
        "lastModified": 1678901627,
        "narHash": "sha256-U02riOqrKKzwjsxc/400XnElV+UtPUQWpANPlyazjH0=",
        "owner": "numtide",
        "repo": "flake-utils",
        "rev": "93a2b84fc4b70d9e089d029deacc3583435c2ed6",
        "type": "github"
      },
      "original": {
        "owner": "numtide",
        "repo": "flake-utils",
        "type": "github"
      }
    },
    "flake-utils_3": {
      "locked": {
        "lastModified": 1659877975,
        "narHash": "sha256-zllb8aq3YO3h8B/U0/J1WBgAL8EX5yWf5pMj3G0NAmc=",
        "owner": "numtide",
        "repo": "flake-utils",
        "rev": "c0e246b9b83f637f4681389ecabcb2681b4f3af0",
        "type": "github"
      },
      "original": {
        "owner": "numtide",
        "repo": "flake-utils",
        "type": "github"
      }
    },
    "nixpkgs": {
      "locked": {
        "lastModified": 1677655566,
        "narHash": "sha256-I8G8Lmpp3YduYl4+pkiIJFGT1WKw+8ZMH2QwANkTu2U=",
        "owner": "NixOS",
        "repo": "nixpkgs",
        "rev": "ae8bdd2de4c23b239b5a771501641d2ef5e027d0",
        "type": "github"
      },
      "original": {
        "owner": "NixOS",
        "ref": "nixpkgs-unstable",
        "repo": "nixpkgs",
        "type": "github"
      }
    },
    "nixpkgs_2": {
      "locked": {
        "lastModified": 1679319606,
        "narHash": "sha256-wyEMIZB6BnsmJWInEgDZu66hXVMGJEZFl5uDsn27f9M=",
        "owner": "nixos",
        "repo": "nixpkgs",
        "rev": "8bc6945b1224a1cfa679d6801580b1054dba1a5c",
        "type": "github"
      },
      "original": {
        "owner": "nixos",
        "ref": "nixpkgs-unstable",
        "repo": "nixpkgs",
        "type": "github"
      }
    },
    "nixpkgs_3": {
      "locked": {
        "lastModified": 1665296151,
        "narHash": "sha256-uOB0oxqxN9K7XGF1hcnY+PQnlQJ+3bP2vCn/+Ru/bbc=",
        "owner": "NixOS",
        "repo": "nixpkgs",
        "rev": "14ccaaedd95a488dd7ae142757884d8e125b3363",
        "type": "github"
      },
      "original": {
        "owner": "NixOS",
        "ref": "nixpkgs-unstable",
        "repo": "nixpkgs",
        "type": "github"
      }
    },
    "root": {
      "inputs": {
        "crane": "crane",
        "flake-utils": "flake-utils_2",
        "nixpkgs": "nixpkgs_2",
        "rust-overlay": "rust-overlay_2"
      }
    },
    "rust-overlay": {
      "inputs": {
        "flake-utils": [
          "crane",
          "flake-utils"
        ],
        "nixpkgs": [
          "crane",
          "nixpkgs"
        ]
      },
      "locked": {
        "lastModified": 1677812689,
        "narHash": "sha256-EakqhgRnjVeYJv5+BJx/NZ7/eFTMBxc4AhICUNquhUg=",
        "owner": "oxalica",
        "repo": "rust-overlay",
        "rev": "e53e8853aa7b0688bc270e9e6a681d22e01cf299",
        "type": "github"
      },
      "original": {
        "owner": "oxalica",
        "repo": "rust-overlay",
        "type": "github"
      }
    },
    "rust-overlay_2": {
      "inputs": {
        "flake-utils": "flake-utils_3",
        "nixpkgs": "nixpkgs_3"
      },
      "locked": {
        "lastModified": 1679365133,
        "narHash": "sha256-VSGnA2oXLV0dxViRS1HfwiGJPuQohQQx44OPRImpSeA=",
        "owner": "oxalica",
        "repo": "rust-overlay",
        "rev": "f5efdf14ed378aac26cadded4d0c00ca91974d32",
        "type": "github"
      },
      "original": {
        "owner": "oxalica",
        "repo": "rust-overlay",
        "type": "github"
      }
    }
  },
  "root": "root",
  "version": 7
}
